
Microsoft Visual Studio Solution File, Format Version 12.00
# Visual Studio Version 17
VisualStudioVersion = 17.3.32922.545
MinimumVisualStudioVersion = 10.0.40219.1
Project("{FAE04EC0-301F-11D3-BF4B-00C04F79EFBC}") = "Proyecto_Listas,Colas y Arreglos", "Proyecto_Listas,Colas y Arreglos.csproj", "{158B08BF-DC1E-4397-9F86-55BF8CA285EC}"
EndProject
Global
	GlobalSection(SolutionConfigurationPlatforms) = preSolution
		Debug|Any CPU = Debug|Any CPU
		Release|Any CPU = Release|Any CPU
	EndGlobalSection
	GlobalSection(ProjectConfigurationPlatforms) = postSolution
		{158B08BF-DC1E-4397-9F86-55BF8CA285EC}.Debug|Any CPU.ActiveCfg = Debug|Any CPU
		{158B08BF-DC1E-4397-9F86-55BF8CA285EC}.Debug|Any CPU.Build.0 = Debug|Any CPU
		{158B08BF-DC1E-4397-9F86-55BF8CA285EC}.Release|Any CPU.ActiveCfg = Release|Any CPU
		{158B08BF-DC1E-4397-9F86-55BF8CA285EC}.Release|Any CPU.Build.0 = Release|Any CPU
	EndGlobalSection
	GlobalSection(SolutionProperties) = preSolution
		HideSolutionNode = FALSE
	EndGlobalSection
	GlobalSection(ExtensibilityGlobals) = postSolution
		SolutionGuid = {86F8AF70-99F9-4D59-8097-1B00B76FBD86}
	EndGlobalSection
EndGlobal
